{
  "name": "fishinggame",
  "lockfileVersion": 2,
  "requires": true,
  "packages": {
    "": {
      "dependencies": {
        "csshake": "^1.5.3",
        "git": "^0.1.5"
      }
    },
    "node_modules/csshake": {
      "version": "1.5.3",
      "resolved": "https://registry.npmjs.org/csshake/-/csshake-1.5.3.tgz",
      "integrity": "sha512-1vSyB+N/rdq7QSfqKs/Aj/LKzWFy3xdWpgEuJ63nJw1DmHDTC4rbzkagH9/aVT5otbX77i1cq99OPDIFJofAkQ=="
    },
    "node_modules/git": {
      "version": "0.1.5",
      "resolved": "https://registry.npmjs.org/git/-/git-0.1.5.tgz",
      "integrity": "sha1-nvYt+T+FHCdUIUO/UtHGixAXyhU=",
      "dependencies": {
        "mime": "1.2.9"
      },
      "engines": {
        "node": ">=0.4.0"
      }
    },
    "node_modules/mime": {
      "version": "1.2.9",
      "resolved": "https://registry.npmjs.org/mime/-/mime-1.2.9.tgz",
      "integrity": "sha1-AJzUCGe9Nd5SGzuWbwTi+NTRPQk="
    }
  },
  "dependencies": {
    "csshake": {
      "version": "1.5.3",
      "resolved": "https://registry.npmjs.org/csshake/-/csshake-1.5.3.tgz",
      "integrity": "sha512-1vSyB+N/rdq7QSfqKs/Aj/LKzWFy3xdWpgEuJ63nJw1DmHDTC4rbzkagH9/aVT5otbX77i1cq99OPDIFJofAkQ=="
    },
    "git": {
      "version": "0.1.5",
      "resolved": "https://registry.npmjs.org/git/-/git-0.1.5.tgz",
      "integrity": "sha1-nvYt+T+FHCdUIUO/UtHGixAXyhU=",
      "requires": {
        "mime": "1.2.9"
      }
    },
    "mime": {
      "version": "1.2.9",
      "resolved": "https://registry.npmjs.org/mime/-/mime-1.2.9.tgz",
      "integrity": "sha1-AJzUCGe9Nd5SGzuWbwTi+NTRPQk="
    }
  }
}
